Microsoft Visual Studio Solution File, Format Version 12.00
# Visual Studio Version 17
VisualStudioVersion = 17.5.2.0
MinimumVisualStudioVersion = 10.0.40219.1
Project("{2150E333-8FDC-42A3-9474-1A3956D46DE8}") = "azure", "azure", "{C35B3F86-D513-DC96-F441-B40E8BE042A1}"
EndProject
Project("{FAE04EC0-301F-11D3-BF4B-00C04F79EFBC}") = "token-proxy", "azure\token-proxy\token-proxy.csproj", "{47CA0006-F40E-6C6E-5232-FDE707269BA6}"
EndProject
Global
	GlobalSection(SolutionConfigurationPlatforms) = preSolution
		Debug|Any CPU = Debug|Any CPU
		Release|Any CPU = Release|Any CPU
	EndGlobalSection
	GlobalSection(ProjectConfigurationPlatforms) = postSolution
		{47CA0006-F40E-6C6E-5232-FDE707269BA6}.Debug|Any CPU.ActiveCfg = Debug|Any CPU
		{47CA0006-F40E-6C6E-5232-FDE707269BA6}.Debug|Any CPU.Build.0 = Debug|Any CPU
		{47CA0006-F40E-6C6E-5232-FDE707269BA6}.Release|Any CPU.ActiveCfg = Release|Any CPU
		{47CA0006-F40E-6C6E-5232-FDE707269BA6}.Release|Any CPU.Build.0 = Release|Any CPU
	EndGlobalSection
	GlobalSection(SolutionProperties) = preSolution
		HideSolutionNode = FALSE
	EndGlobalSection
	GlobalSection(NestedProjects) = preSolution
		{47CA0006-F40E-6C6E-5232-FDE707269BA6} = {C35B3F86-D513-DC96-F441-B40E8BE042A1}
	EndGlobalSection
	GlobalSection(ExtensibilityGlobals) = postSolution
		SolutionGuid = {076EE8A4-1770-4CBE-8060-85043570D279}
	EndGlobalSection
EndGlobal
